
Microsoft Visual Studio Solution File, Format Version 12.00
# Visual Studio Version 17
VisualStudioVersion = 17.11.35327.3
MinimumVisualStudioVersion = 10.0.40219.1
Project("{FAE04EC0-301F-11D3-BF4B-00C04F79EFBC}") = "keyboard_project", "keyboard_project\keyboard_project.csproj", "{07766305-6724-49F0-A976-5BE99EDC3581}"
EndProject
Global
	GlobalSection(SolutionConfigurationPlatforms) = preSolution
		Debug|Any CPU = Debug|Any CPU
		Release|Any CPU = Release|Any CPU
	EndGlobalSection
	GlobalSection(ProjectConfigurationPlatforms) = postSolution
		{07766305-6724-49F0-A976-5BE99EDC3581}.Debug|Any CPU.ActiveCfg = Debug|Any CPU
		{07766305-6724-49F0-A976-5BE99EDC3581}.Debug|Any CPU.Build.0 = Debug|Any CPU
		{07766305-6724-49F0-A976-5BE99EDC3581}.Release|Any CPU.ActiveCfg = Release|Any CPU
		{07766305-6724-49F0-A976-5BE99EDC3581}.Release|Any CPU.Build.0 = Release|Any CPU
	EndGlobalSection
	GlobalSection(SolutionProperties) = preSolution
		HideSolutionNode = FALSE
	EndGlobalSection
	GlobalSection(ExtensibilityGlobals) = postSolution
		SolutionGuid = {F9FA99E1-3D32-44E5-9E0E-2290AABA5CBE}
	EndGlobalSection
EndGlobal
